{
  "name": "newbalancer_go",
  "version": "1.0.0",
  "lockfileVersion": 3,
  "requires": true,
  "packages": {
    "": {
      "name": "newbalancer_go",
      "version": "1.0.0",
      "license": "ISC",
      "dependencies": {
        "dotenv": "^16.5.0",
        "node-fetch": "^3.3.2",
        "xml2js": "^0.6.2"
      },
      "devDependencies": {
        "@axe-core/playwright": "^4.10.2",
        "@playwright/test": "^1.53.1",
        "@stoplight/spectral-cli": "^6.11.0",
        "@types/eventsource": "^1.1.15",
        "@types/node": "^22.14.1",
        "eventsource": "^3.0.7",
        "jest-environment-jsdom": "^30.0.0",
        "jsdom": "^26.1.0",
        "newman": "^6.2.0",
        "typescript": "^5.8.3",
        "undici-types": "^7.10.0"
      }
    }
  }
}
