{
  "name": "newbalancer_go",
  "version": "1.0.0",
  "lockfileVersion": 3,
  "requires": true,
  "packages": {
    "": {
      "name": "newbalancer_go",
      "version": "1.0.0",
      "license": "ISC",
      "dependencies": {
        "dotenv": "^16.5.0",
        "node-fetch": "^3.3.2",
        "xml2js": "^0.6.2"
      },
      "devDependencies": {
        "@types/node": "^22.14.1",
        "typescript": "^5.8.3",
        "@types/eventsource": "^1.1.15",
        "eventsource": "^3.0.6",
        "newman": "^6.2.1"
      }
    },
    "node_modules/@types/node": {
      "version": "22.14.1",
      "resolved": "https://registry.npmjs.org/@types/node/-/node-22.14.1.tgz",
      "dev": true,
      "license": "MIT"
    },
    "node_modules/@types/eventsource": {
      "version": "1.1.15",
      "resolved": "https://registry.npmjs.org/@types/eventsource/-/eventsource-1.1.15.tgz",
      "integrity": "sha512-XQmGcbnxUNa06HR3VBVkc9+A2Vpi9ZyLJcdS5dwaQQ/4ZMWFO+5c90FnMUpbtMZwB/FChoYHwuVg8TvkECacTA==",
      "dev": true,
      "license": "MIT"
    },
    "node_modules/eventsource": {
      "version": "3.0.6",
      "resolved": "https://registry.npmjs.org/eventsource/-/eventsource-3.0.6.tgz",
      "integrity": "sha512-l19WpE2m9hSuyP06+FbuUUf1G+R0SFLrtQfbRb9PRr+oimOfxQhgGCbVaXg5IvZyyTThJsxh6L/srkMiCeBPDA==",
      "dev": true,
      "license": "MIT",
      "dependencies": {
        "eventsource-parser": "^3.0.1"
      },
      "engines": {
        "node": ">=18.0.0"
      }
    },
    "node_modules/eventsource-parser": {
      "version": "3.0.1",
      "resolved": "https://registry.npmjs.org/eventsource-parser/-/eventsource-parser-3.0.1.tgz",
      "integrity": "sha512-VARTJ9CYeuQYb0pZEPbzi740OWFgpHe7AYJ2WFZVnUDUQp5Dk2yJUgF36YsZ81cOyxT0QxmXD2EQpapAouzWVA==",
      "dev": true,
      "license": "MIT",
      "engines": {
        "node": ">=18.0.0"
      }
    },
    "node_modules/dotenv": {
      "version": "16.5.0",
      "resolved": "https://registry.npmjs.org/dotenv/-/dotenv-16.5.0.tgz",
      "integrity": "sha512-m/C+AwOAr9/W1UOIZUo232ejMNnJAJtYQjUbHoNTBNTJSvqzzDh7vnrei3o3r3m9blf6ZoDkvcw0VmozNRFJxg==",
      "license": "BSD-2-Clause",
      "engines": {
        "node": ">=12"
      },
      "funding": {
        "url": "https://dotenvx.com"
      }
    },
    "node_modules/node-fetch": {
      "version": "3.3.2",
      "resolved": "https://registry.npmjs.org/node-fetch/-/node-fetch-3.3.2.tgz",
      "integrity": "sha512-dRB78srN/l6gqWulah9SrxeYnxeddIG30+GOqK/9OlLVyLg3HPnr6SqOWTWOXKRwC2eGYCkZ59NNuSgvSrpgOA==",
      "license": "MIT",
      "dependencies": {
        "data-uri-to-buffer": "^4.0.0",
        "fetch-blob": "^3.1.4",
        "formdata-polyfill": "^4.0.10"
      },
      "engines": {
        "node": "^12.20.0 || ^14.13.1 || >=16.0.0"
      },
      "funding": {
        "type": "opencollective",
        "url": "https://opencollective.com/node-fetch"
      }
    },
    "node_modules/xml2js": {
      "version": "0.6.2",
      "resolved": "https://registry.npmjs.org/xml2js/-/xml2js-0.6.2.tgz",
      "integrity": "sha512-T4rieHaC1EXcES0Kxxj4JWgaUQHDk+qwHcYOCFHfiwKz7tOVPLq7Hjq9dM1WCMhylqMEfP7hMcOIChvotiZegA==",
      "license": "MIT",
      "dependencies": {
        "sax": ">=0.6.0",
        "xmlbuilder": "~11.0.0"
      },
      "engines": {
        "node": ">=4.0.0"
      }
    },
    "node_modules/newman": {
      "version": "6.2.1",
      "resolved": "https://registry.npmjs.org/newman/-/newman-6.2.1.tgz",
      "integrity": "sha512-Zq8Sr5GFF+OXs5yIbyglLMKMh1WNMjYVV0yZaSBZ+DIgQOIWcxT8QTfbrl/YUGrLyT4rjpu+yZ/Z+kozw79GEA==",
      "dev": true,
      "license": "Apache-2.0",
      "dependencies": {
        "@postman/tough-cookie": "4.1.3-postman.1",
        "async": "3.2.5",
        "chardet": "2.0.0",
        "cli-progress": "3.12.0",
        "cli-table3": "0.6.5",
        "colors": "1.4.0",
        "commander": "11.1.0",
        "csv-parse": "4.16.3",
        "filesize": "10.1.4",
        "liquid-json": "0.3.1",
        "lodash": "4.17.21",
        "mkdirp": "3.0.1",
        "postman-collection": "4.4.0",
        "postman-collection-transformer": "4.1.8",
        "postman-request": "2.88.1-postman.34",
        "postman-runtime": "7.39.1",
        "pretty-ms": "7.0.1",
        "semver": "7.6.3",
        "serialised-error": "1.1.3",
        "word-wrap": "1.2.5",
        "xmlbuilder": "15.1.1"
      },
      "bin": {
        "newman": "bin/newman.js"
      },
      "engines": {
        "node": ">=16"
      }
    },
    "node_modules/typescript": {
      "version": "5.8.3",
      "resolved": "https://registry.npmjs.org/typescript/-/typescript-5.8.3.tgz",
      "integrity": "sha512-p1diW6TqL9L07nNxvRMM7hMMw4c5XOo/1ibL4aAIGmSAt9slTE1Xgw5KWuof2uTOvCg9BY7ZRi+GaF+7sfgPeQ==",
      "dev": true,
      "license": "Apache-2.0",
      "bin": {
        "tsc": "bin/tsc",
        "tsserver": "bin/tsserver"
      },
      "engines": {
        "node": ">=14.17"
      }
    }
  }
}
